
Microsoft Visual Studio Solution File, Format Version 12.00
# Visual Studio Version 16
VisualStudioVersion = 16.0.28922.388
MinimumVisualStudioVersion = 10.0.40219.1
Project("{9A19103F-16F7-4668-BE54-9A1E7A4F7556}") = "LessplitCore", "LessplitCore\LessplitCore.csproj", "{51FA8EFC-C843-4B1A-8EC4-EED03E7D69A7}"
EndProject
Project("{FAE04EC0-301F-11D3-BF4B-00C04F79EFBC}") = "SpeedrunDotComSharpStandard", "SpeedrunDotComSharpStandard\SpeedrunDotComSharpStandard.csproj", "{DA020D23-9594-47C0-AD90-A4709E2409BC}"
EndProject
Global
	GlobalSection(SolutionConfigurationPlatforms) = preSolution
		Debug with API Calls|Any CPU = Debug with API Calls|Any CPU
		Debug|Any CPU = Debug|Any CPU
		Release|Any CPU = Release|Any CPU
	EndGlobalSection
	GlobalSection(ProjectConfigurationPlatforms) = postSolution
		{51FA8EFC-C843-4B1A-8EC4-EED03E7D69A7}.Debug with API Calls|Any CPU.ActiveCfg = Debug|Any CPU
		{51FA8EFC-C843-4B1A-8EC4-EED03E7D69A7}.Debug with API Calls|Any CPU.Build.0 = Debug|Any CPU
		{51FA8EFC-C843-4B1A-8EC4-EED03E7D69A7}.Debug|Any CPU.ActiveCfg = Debug|Any CPU
		{51FA8EFC-C843-4B1A-8EC4-EED03E7D69A7}.Debug|Any CPU.Build.0 = Debug|Any CPU
		{51FA8EFC-C843-4B1A-8EC4-EED03E7D69A7}.Release|Any CPU.ActiveCfg = Release|Any CPU
		{51FA8EFC-C843-4B1A-8EC4-EED03E7D69A7}.Release|Any CPU.Build.0 = Release|Any CPU
		{DA020D23-9594-47C0-AD90-A4709E2409BC}.Debug with API Calls|Any CPU.ActiveCfg = Debug|Any CPU
		{DA020D23-9594-47C0-AD90-A4709E2409BC}.Debug with API Calls|Any CPU.Build.0 = Debug|Any CPU
		{DA020D23-9594-47C0-AD90-A4709E2409BC}.Debug|Any CPU.ActiveCfg = Debug|Any CPU
		{DA020D23-9594-47C0-AD90-A4709E2409BC}.Debug|Any CPU.Build.0 = Debug|Any CPU
		{DA020D23-9594-47C0-AD90-A4709E2409BC}.Release|Any CPU.ActiveCfg = Release|Any CPU
		{DA020D23-9594-47C0-AD90-A4709E2409BC}.Release|Any CPU.Build.0 = Release|Any CPU
	EndGlobalSection
	GlobalSection(SolutionProperties) = preSolution
		HideSolutionNode = FALSE
	EndGlobalSection
	GlobalSection(ExtensibilityGlobals) = postSolution
		SolutionGuid = {69336804-5315-4C35-ABFF-329AF6E3D275}
	EndGlobalSection
EndGlobal
